
Microsoft Visual Studio Solution File, Format Version 12.00
# Visual Studio 14
VisualStudioVersion = 14.0.25420.1
MinimumVisualStudioVersion = 10.0.40219.1
Project("{FAE04EC0-301F-11D3-BF4B-00C04F79EFBC}") = "SharedStylesTest", "SharedStylesTest\SharedStylesTest\SharedStylesTest.csproj", "{65D7A745-953D-49B6-912D-26F0AD307F17}"
EndProject
Project("{FAE04EC0-301F-11D3-BF4B-00C04F79EFBC}") = "SharedStylesTest.Droid", "SharedStylesTest\SharedStylesTest.Droid\SharedStylesTest.Droid.csproj", "{1E3D2EEB-876E-4C55-A823-27C3D5E63A03}"
EndProject
Project("{FAE04EC0-301F-11D3-BF4B-00C04F79EFBC}") = "SharedStylesTest.iOS", "SharedStylesTest\SharedStylesTest.iOS\SharedStylesTest.iOS.csproj", "{D440D457-D11E-4034-B067-E9B72382DE88}"
EndProject
Project("{FAE04EC0-301F-11D3-BF4B-00C04F79EFBC}") = "SharedStylesLib", "SharedStylesLib\SharedStylesLib.csproj", "{67F9D3A8-F71E-4428-913F-C37AE82CDB24}"
EndProject
Global
	GlobalSection(SolutionConfigurationPlatforms) = preSolution
		Ad-Hoc|Any CPU = Ad-Hoc|Any CPU
		Ad-Hoc|ARM = Ad-Hoc|ARM
		Ad-Hoc|iPhone = Ad-Hoc|iPhone
		Ad-Hoc|iPhoneSimulator = Ad-Hoc|iPhoneSimulator
		Ad-Hoc|x64 = Ad-Hoc|x64
		Ad-Hoc|x86 = Ad-Hoc|x86
		AppStore|Any CPU = AppStore|Any CPU
		AppStore|ARM = AppStore|ARM
		AppStore|iPhone = AppStore|iPhone
		AppStore|iPhoneSimulator = AppStore|iPhoneSimulator
		AppStore|x64 = AppStore|x64
		AppStore|x86 = AppStore|x86
		Debug|Any CPU = Debug|Any CPU
		Debug|ARM = Debug|ARM
		Debug|iPhone = Debug|iPhone
		Debug|iPhoneSimulator = Debug|iPhoneSimulator
		Debug|x64 = Debug|x64
		Debug|x86 = Debug|x86
		Release|Any CPU = Release|Any CPU
		Release|ARM = Release|ARM
		Release|iPhone = Release|iPhone
		Release|iPhoneSimulator = Release|iPhoneSimulator
		Release|x64 = Release|x64
		Release|x86 = Release|x86
	EndGlobalSection
	GlobalSection(ProjectConfigurationPlatforms) = postSolution
		{65D7A745-953D-49B6-912D-26F0AD307F17}.Ad-Hoc|Any CPU.ActiveCfg = Release|Any CPU
		{65D7A745-953D-49B6-912D-26F0AD307F17}.Ad-Hoc|Any CPU.Build.0 = Release|Any CPU
		{65D7A745-953D-49B6-912D-26F0AD307F17}.Ad-Hoc|ARM.ActiveCfg = Release|Any CPU
		{65D7A745-953D-49B6-912D-26F0AD307F17}.Ad-Hoc|ARM.Build.0 = Release|Any CPU
		{65D7A745-953D-49B6-912D-26F0AD307F17}.Ad-Hoc|iPhone.ActiveCfg = Release|Any CPU
		{65D7A745-953D-49B6-912D-26F0AD307F17}.Ad-Hoc|iPhone.Build.0 = Release|Any CPU
		{65D7A745-953D-49B6-912D-26F0AD307F17}.Ad-Hoc|iPhoneSimulator.ActiveCfg = Release|Any CPU
		{65D7A745-953D-49B6-912D-26F0AD307F17}.Ad-Hoc|iPhoneSimulator.Build.0 = Release|Any CPU
		{65D7A745-953D-49B6-912D-26F0AD307F17}.Ad-Hoc|x64.ActiveCfg = Release|Any CPU
		{65D7A745-953D-49B6-912D-26F0AD307F17}.Ad-Hoc|x64.Build.0 = Release|Any CPU
		{65D7A745-953D-49B6-912D-26F0AD307F17}.Ad-Hoc|x86.ActiveCfg = Release|Any CPU
		{65D7A745-953D-49B6-912D-26F0AD307F17}.Ad-Hoc|x86.Build.0 = Release|Any CPU
		{65D7A745-953D-49B6-912D-26F0AD307F17}.AppStore|Any CPU.ActiveCfg = Release|Any CPU
		{65D7A745-953D-49B6-912D-26F0AD307F17}.AppStore|Any CPU.Build.0 = Release|Any CPU
		{65D7A745-953D-49B6-912D-26F0AD307F17}.AppStore|ARM.ActiveCfg = Release|Any CPU
		{65D7A745-953D-49B6-912D-26F0AD307F17}.AppStore|ARM.Build.0 = Release|Any CPU
		{65D7A745-953D-49B6-912D-26F0AD307F17}.AppStore|iPhone.ActiveCfg = Release|Any CPU
		{65D7A745-953D-49B6-912D-26F0AD307F17}.AppStore|iPhone.Build.0 = Release|Any CPU
		{65D7A745-953D-49B6-912D-26F0AD307F17}.AppStore|iPhoneSimulator.ActiveCfg = Release|Any CPU
		{65D7A745-953D-49B6-912D-26F0AD307F17}.AppStore|iPhoneSimulator.Build.0 = Release|Any CPU
		{65D7A745-953D-49B6-912D-26F0AD307F17}.AppStore|x64.ActiveCfg = Release|Any CPU
		{65D7A745-953D-49B6-912D-26F0AD307F17}.AppStore|x64.Build.0 = Release|Any CPU
		{65D7A745-953D-49B6-912D-26F0AD307F17}.AppStore|x86.ActiveCfg = Release|Any CPU
		{65D7A745-953D-49B6-912D-26F0AD307F17}.AppStore|x86.Build.0 = Release|Any CPU
		{65D7A745-953D-49B6-912D-26F0AD307F17}.Debug|Any CPU.ActiveCfg = Debug|Any CPU
		{65D7A745-953D-49B6-912D-26F0AD307F17}.Debug|Any CPU.Build.0 = Debug|Any CPU
		{65D7A745-953D-49B6-912D-26F0AD307F17}.Debug|ARM.ActiveCfg = Debug|Any CPU
		{65D7A745-953D-49B6-912D-26F0AD307F17}.Debug|ARM.Build.0 = Debug|Any CPU
		{65D7A745-953D-49B6-912D-26F0AD307F17}.Debug|iPhone.ActiveCfg = Debug|Any CPU
		{65D7A745-953D-49B6-912D-26F0AD307F17}.Debug|iPhone.Build.0 = Debug|Any CPU
		{65D7A745-953D-49B6-912D-26F0AD307F17}.Debug|iPhoneSimulator.ActiveCfg = Debug|Any CPU
		{65D7A745-953D-49B6-912D-26F0AD307F17}.Debug|iPhoneSimulator.Build.0 = Debug|Any CPU
		{65D7A745-953D-49B6-912D-26F0AD307F17}.Debug|x64.ActiveCfg = Debug|Any CPU
		{65D7A745-953D-49B6-912D-26F0AD307F17}.Debug|x64.Build.0 = Debug|Any CPU
		{65D7A745-953D-49B6-912D-26F0AD307F17}.Debug|x86.ActiveCfg = Debug|Any CPU
		{65D7A745-953D-49B6-912D-26F0AD307F17}.Debug|x86.Build.0 = Debug|Any CPU
		{65D7A745-953D-49B6-912D-26F0AD307F17}.Release|Any CPU.ActiveCfg = Release|Any CPU
		{65D7A745-953D-49B6-912D-26F0AD307F17}.Release|Any CPU.Build.0 = Release|Any CPU
		{65D7A745-953D-49B6-912D-26F0AD307F17}.Release|ARM.ActiveCfg = Release|Any CPU
		{65D7A745-953D-49B6-912D-26F0AD307F17}.Release|ARM.Build.0 = Release|Any CPU
		{65D7A745-953D-49B6-912D-26F0AD307F17}.Release|iPhone.ActiveCfg = Release|Any CPU
		{65D7A745-953D-49B6-912D-26F0AD307F17}.Release|iPhone.Build.0 = Release|Any CPU
		{65D7A745-953D-49B6-912D-26F0AD307F17}.Release|iPhoneSimulator.ActiveCfg = Release|Any CPU
		{65D7A745-953D-49B6-912D-26F0AD307F17}.Release|iPhoneSimulator.Build.0 = Release|Any CPU
		{65D7A745-953D-49B6-912D-26F0AD307F17}.Release|x64.ActiveCfg = Release|Any CPU
		{65D7A745-953D-49B6-912D-26F0AD307F17}.Release|x64.Build.0 = Release|Any CPU
		{65D7A745-953D-49B6-912D-26F0AD307F17}.Release|x86.ActiveCfg = Release|Any CPU
		{65D7A745-953D-49B6-912D-26F0AD307F17}.Release|x86.Build.0 = Release|Any CPU
		{1E3D2EEB-876E-4C55-A823-27C3D5E63A03}.Ad-Hoc|Any CPU.ActiveCfg = Release|Any CPU
		{1E3D2EEB-876E-4C55-A823-27C3D5E63A03}.Ad-Hoc|Any CPU.Build.0 = Release|Any CPU
		{1E3D2EEB-876E-4C55-A823-27C3D5E63A03}.Ad-Hoc|Any CPU.Deploy.0 = Release|Any CPU
		{1E3D2EEB-876E-4C55-A823-27C3D5E63A03}.Ad-Hoc|ARM.ActiveCfg = Release|Any CPU
		{1E3D2EEB-876E-4C55-A823-27C3D5E63A03}.Ad-Hoc|ARM.Build.0 = Release|Any CPU
		{1E3D2EEB-876E-4C55-A823-27C3D5E63A03}.Ad-Hoc|ARM.Deploy.0 = Release|Any CPU
		{1E3D2EEB-876E-4C55-A823-27C3D5E63A03}.Ad-Hoc|iPhone.ActiveCfg = Release|Any CPU
		{1E3D2EEB-876E-4C55-A823-27C3D5E63A03}.Ad-Hoc|iPhone.Build.0 = Release|Any CPU
		{1E3D2EEB-876E-4C55-A823-27C3D5E63A03}.Ad-Hoc|iPhone.Deploy.0 = Release|Any CPU
		{1E3D2EEB-876E-4C55-A823-27C3D5E63A03}.Ad-Hoc|iPhoneSimulator.ActiveCfg = Release|Any CPU
		{1E3D2EEB-876E-4C55-A823-27C3D5E63A03}.Ad-Hoc|iPhoneSimulator.Build.0 = Release|Any CPU
		{1E3D2EEB-876E-4C55-A823-27C3D5E63A03}.Ad-Hoc|iPhoneSimulator.Deploy.0 = Release|Any CPU
		{1E3D2EEB-876E-4C55-A823-27C3D5E63A03}.Ad-Hoc|x64.ActiveCfg = Release|Any CPU
		{1E3D2EEB-876E-4C55-A823-27C3D5E63A03}.Ad-Hoc|x64.Build.0 = Release|Any CPU
		{1E3D2EEB-876E-4C55-A823-27C3D5E63A03}.Ad-Hoc|x64.Deploy.0 = Release|Any CPU
		{1E3D2EEB-876E-4C55-A823-27C3D5E63A03}.Ad-Hoc|x86.ActiveCfg = Release|Any CPU
		{1E3D2EEB-876E-4C55-A823-27C3D5E63A03}.Ad-Hoc|x86.Build.0 = Release|Any CPU
		{1E3D2EEB-876E-4C55-A823-27C3D5E63A03}.Ad-Hoc|x86.Deploy.0 = Release|Any CPU
		{1E3D2EEB-876E-4C55-A823-27C3D5E63A03}.AppStore|Any CPU.ActiveCfg = Release|Any CPU
		{1E3D2EEB-876E-4C55-A823-27C3D5E63A03}.AppStore|Any CPU.Build.0 = Release|Any CPU
		{1E3D2EEB-876E-4C55-A823-27C3D5E63A03}.AppStore|Any CPU.Deploy.0 = Release|Any CPU
		{1E3D2EEB-876E-4C55-A823-27C3D5E63A03}.AppStore|ARM.ActiveCfg = Release|Any CPU
		{1E3D2EEB-876E-4C55-A823-27C3D5E63A03}.AppStore|ARM.Build.0 = Release|Any CPU
		{1E3D2EEB-876E-4C55-A823-27C3D5E63A03}.AppStore|ARM.Deploy.0 = Release|Any CPU
		{1E3D2EEB-876E-4C55-A823-27C3D5E63A03}.AppStore|iPhone.ActiveCfg = Release|Any CPU
		{1E3D2EEB-876E-4C55-A823-27C3D5E63A03}.AppStore|iPhone.Build.0 = Release|Any CPU
		{1E3D2EEB-876E-4C55-A823-27C3D5E63A03}.AppStore|iPhone.Deploy.0 = Release|Any CPU
		{1E3D2EEB-876E-4C55-A823-27C3D5E63A03}.AppStore|iPhoneSimulator.ActiveCfg = Release|Any CPU
		{1E3D2EEB-876E-4C55-A823-27C3D5E63A03}.AppStore|iPhoneSimulator.Build.0 = Release|Any CPU
		{1E3D2EEB-876E-4C55-A823-27C3D5E63A03}.AppStore|iPhoneSimulator.Deploy.0 = Release|Any CPU
		{1E3D2EEB-876E-4C55-A823-27C3D5E63A03}.AppStore|x64.ActiveCfg = Release|Any CPU
		{1E3D2EEB-876E-4C55-A823-27C3D5E63A03}.AppStore|x64.Build.0 = Release|Any CPU
		{1E3D2EEB-876E-4C55-A823-27C3D5E63A03}.AppStore|x64.Deploy.0 = Release|Any CPU
		{1E3D2EEB-876E-4C55-A823-27C3D5E63A03}.AppStore|x86.ActiveCfg = Release|Any CPU
		{1E3D2EEB-876E-4C55-A823-27C3D5E63A03}.AppStore|x86.Build.0 = Release|Any CPU
		{1E3D2EEB-876E-4C55-A823-27C3D5E63A03}.AppStore|x86.Deploy.0 = Release|Any CPU
		{1E3D2EEB-876E-4C55-A823-27C3D5E63A03}.Debug|Any CPU.ActiveCfg = Debug|Any CPU
		{1E3D2EEB-876E-4C55-A823-27C3D5E63A03}.Debug|Any CPU.Build.0 = Debug|Any CPU
		{1E3D2EEB-876E-4C55-A823-27C3D5E63A03}.Debug|Any CPU.Deploy.0 = Debug|Any CPU
		{1E3D2EEB-876E-4C55-A823-27C3D5E63A03}.Debug|ARM.ActiveCfg = Debug|Any CPU
		{1E3D2EEB-876E-4C55-A823-27C3D5E63A03}.Debug|ARM.Build.0 = Debug|Any CPU
		{1E3D2EEB-876E-4C55-A823-27C3D5E63A03}.Debug|ARM.Deploy.0 = Debug|Any CPU
		{1E3D2EEB-876E-4C55-A823-27C3D5E63A03}.Debug|iPhone.ActiveCfg = Debug|Any CPU
		{1E3D2EEB-876E-4C55-A823-27C3D5E63A03}.Debug|iPhone.Build.0 = Debug|Any CPU
		{1E3D2EEB-876E-4C55-A823-27C3D5E63A03}.Debug|iPhone.Deploy.0 = Debug|Any CPU
		{1E3D2EEB-876E-4C55-A823-27C3D5E63A03}.Debug|iPhoneSimulator.ActiveCfg = Debug|Any CPU
		{1E3D2EEB-876E-4C55-A823-27C3D5E63A03}.Debug|iPhoneSimulator.Build.0 = Debug|Any CPU
		{1E3D2EEB-876E-4C55-A823-27C3D5E63A03}.Debug|iPhoneSimulator.Deploy.0 = Debug|Any CPU
		{1E3D2EEB-876E-4C55-A823-27C3D5E63A03}.Debug|x64.ActiveCfg = Debug|Any CPU
		{1E3D2EEB-876E-4C55-A823-27C3D5E63A03}.Debug|x64.Build.0 = Debug|Any CPU
		{1E3D2EEB-876E-4C55-A823-27C3D5E63A03}.Debug|x64.Deploy.0 = Debug|Any CPU
		{1E3D2EEB-876E-4C55-A823-27C3D5E63A03}.Debug|x86.ActiveCfg = Debug|Any CPU
		{1E3D2EEB-876E-4C55-A823-27C3D5E63A03}.Debug|x86.Build.0 = Debug|Any CPU
		{1E3D2EEB-876E-4C55-A823-27C3D5E63A03}.Debug|x86.Deploy.0 = Debug|Any CPU
		{1E3D2EEB-876E-4C55-A823-27C3D5E63A03}.Release|Any CPU.ActiveCfg = Release|Any CPU
		{1E3D2EEB-876E-4C55-A823-27C3D5E63A03}.Release|Any CPU.Build.0 = Release|Any CPU
		{1E3D2EEB-876E-4C55-A823-27C3D5E63A03}.Release|Any CPU.Deploy.0 = Release|Any CPU
		{1E3D2EEB-876E-4C55-A823-27C3D5E63A03}.Release|ARM.ActiveCfg = Release|Any CPU
		{1E3D2EEB-876E-4C55-A823-27C3D5E63A03}.Release|ARM.Build.0 = Release|Any CPU
		{1E3D2EEB-876E-4C55-A823-27C3D5E63A03}.Release|ARM.Deploy.0 = Release|Any CPU
		{1E3D2EEB-876E-4C55-A823-27C3D5E63A03}.Release|iPhone.ActiveCfg = Release|Any CPU
		{1E3D2EEB-876E-4C55-A823-27C3D5E63A03}.Release|iPhone.Build.0 = Release|Any CPU
		{1E3D2EEB-876E-4C55-A823-27C3D5E63A03}.Release|iPhone.Deploy.0 = Release|Any CPU
		{1E3D2EEB-876E-4C55-A823-27C3D5E63A03}.Release|iPhoneSimulator.ActiveCfg = Release|Any CPU
		{1E3D2EEB-876E-4C55-A823-27C3D5E63A03}.Release|iPhoneSimulator.Build.0 = Release|Any CPU
		{1E3D2EEB-876E-4C55-A823-27C3D5E63A03}.Release|iPhoneSimulator.Deploy.0 = Release|Any CPU
		{1E3D2EEB-876E-4C55-A823-27C3D5E63A03}.Release|x64.ActiveCfg = Release|Any CPU
		{1E3D2EEB-876E-4C55-A823-27C3D5E63A03}.Release|x64.Build.0 = Release|Any CPU
		{1E3D2EEB-876E-4C55-A823-27C3D5E63A03}.Release|x64.Deploy.0 = Release|Any CPU
		{1E3D2EEB-876E-4C55-A823-27C3D5E63A03}.Release|x86.ActiveCfg = Release|Any CPU
		{1E3D2EEB-876E-4C55-A823-27C3D5E63A03}.Release|x86.Build.0 = Release|Any CPU
		{1E3D2EEB-876E-4C55-A823-27C3D5E63A03}.Release|x86.Deploy.0 = Release|Any CPU
		{D440D457-D11E-4034-B067-E9B72382DE88}.Ad-Hoc|Any CPU.ActiveCfg = Ad-Hoc|iPhone
		{D440D457-D11E-4034-B067-E9B72382DE88}.Ad-Hoc|ARM.ActiveCfg = Ad-Hoc|iPhone
		{D440D457-D11E-4034-B067-E9B72382DE88}.Ad-Hoc|iPhone.ActiveCfg = Ad-Hoc|iPhone
		{D440D457-D11E-4034-B067-E9B72382DE88}.Ad-Hoc|iPhone.Build.0 = Ad-Hoc|iPhone
		{D440D457-D11E-4034-B067-E9B72382DE88}.Ad-Hoc|iPhoneSimulator.ActiveCfg = Ad-Hoc|iPhoneSimulator
		{D440D457-D11E-4034-B067-E9B72382DE88}.Ad-Hoc|iPhoneSimulator.Build.0 = Ad-Hoc|iPhoneSimulator
		{D440D457-D11E-4034-B067-E9B72382DE88}.Ad-Hoc|x64.ActiveCfg = Ad-Hoc|iPhone
		{D440D457-D11E-4034-B067-E9B72382DE88}.Ad-Hoc|x86.ActiveCfg = Ad-Hoc|iPhone
		{D440D457-D11E-4034-B067-E9B72382DE88}.AppStore|Any CPU.ActiveCfg = AppStore|iPhone
		{D440D457-D11E-4034-B067-E9B72382DE88}.AppStore|ARM.ActiveCfg = AppStore|iPhone
		{D440D457-D11E-4034-B067-E9B72382DE88}.AppStore|iPhone.ActiveCfg = AppStore|iPhone
		{D440D457-D11E-4034-B067-E9B72382DE88}.AppStore|iPhone.Build.0 = AppStore|iPhone
		{D440D457-D11E-4034-B067-E9B72382DE88}.AppStore|iPhoneSimulator.ActiveCfg = AppStore|iPhoneSimulator
		{D440D457-D11E-4034-B067-E9B72382DE88}.AppStore|iPhoneSimulator.Build.0 = AppStore|iPhoneSimulator
		{D440D457-D11E-4034-B067-E9B72382DE88}.AppStore|x64.ActiveCfg = AppStore|iPhone
		{D440D457-D11E-4034-B067-E9B72382DE88}.AppStore|x86.ActiveCfg = AppStore|iPhone
		{D440D457-D11E-4034-B067-E9B72382DE88}.Debug|Any CPU.ActiveCfg = Debug|iPhone
		{D440D457-D11E-4034-B067-E9B72382DE88}.Debug|ARM.ActiveCfg = Debug|iPhone
		{D440D457-D11E-4034-B067-E9B72382DE88}.Debug|iPhone.ActiveCfg = Debug|iPhone
		{D440D457-D11E-4034-B067-E9B72382DE88}.Debug|iPhone.Build.0 = Debug|iPhone
		{D440D457-D11E-4034-B067-E9B72382DE88}.Debug|iPhoneSimulator.ActiveCfg = Debug|iPhoneSimulator
		{D440D457-D11E-4034-B067-E9B72382DE88}.Debug|iPhoneSimulator.Build.0 = Debug|iPhoneSimulator
		{D440D457-D11E-4034-B067-E9B72382DE88}.Debug|x64.ActiveCfg = Debug|iPhone
		{D440D457-D11E-4034-B067-E9B72382DE88}.Debug|x86.ActiveCfg = Debug|iPhone
		{D440D457-D11E-4034-B067-E9B72382DE88}.Release|Any CPU.ActiveCfg = Release|iPhone
		{D440D457-D11E-4034-B067-E9B72382DE88}.Release|ARM.ActiveCfg = Release|iPhone
		{D440D457-D11E-4034-B067-E9B72382DE88}.Release|iPhone.ActiveCfg = Release|iPhone
		{D440D457-D11E-4034-B067-E9B72382DE88}.Release|iPhone.Build.0 = Release|iPhone
		{D440D457-D11E-4034-B067-E9B72382DE88}.Release|iPhoneSimulator.ActiveCfg = Release|iPhoneSimulator
		{D440D457-D11E-4034-B067-E9B72382DE88}.Release|iPhoneSimulator.Build.0 = Release|iPhoneSimulator
		{D440D457-D11E-4034-B067-E9B72382DE88}.Release|x64.ActiveCfg = Release|iPhone
		{D440D457-D11E-4034-B067-E9B72382DE88}.Release|x86.ActiveCfg = Release|iPhone
		{67F9D3A8-F71E-4428-913F-C37AE82CDB24}.Ad-Hoc|Any CPU.ActiveCfg = Release|Any CPU
		{67F9D3A8-F71E-4428-913F-C37AE82CDB24}.Ad-Hoc|Any CPU.Build.0 = Release|Any CPU
		{67F9D3A8-F71E-4428-913F-C37AE82CDB24}.Ad-Hoc|ARM.ActiveCfg = Release|Any CPU
		{67F9D3A8-F71E-4428-913F-C37AE82CDB24}.Ad-Hoc|ARM.Build.0 = Release|Any CPU
		{67F9D3A8-F71E-4428-913F-C37AE82CDB24}.Ad-Hoc|iPhone.ActiveCfg = Release|Any CPU
		{67F9D3A8-F71E-4428-913F-C37AE82CDB24}.Ad-Hoc|iPhone.Build.0 = Release|Any CPU
		{67F9D3A8-F71E-4428-913F-C37AE82CDB24}.Ad-Hoc|iPhoneSimulator.ActiveCfg = Release|Any CPU
		{67F9D3A8-F71E-4428-913F-C37AE82CDB24}.Ad-Hoc|iPhoneSimulator.Build.0 = Release|Any CPU
		{67F9D3A8-F71E-4428-913F-C37AE82CDB24}.Ad-Hoc|x64.ActiveCfg = Release|Any CPU
		{67F9D3A8-F71E-4428-913F-C37AE82CDB24}.Ad-Hoc|x64.Build.0 = Release|Any CPU
		{67F9D3A8-F71E-4428-913F-C37AE82CDB24}.Ad-Hoc|x86.ActiveCfg = Release|Any CPU
		{67F9D3A8-F71E-4428-913F-C37AE82CDB24}.Ad-Hoc|x86.Build.0 = Release|Any CPU
		{67F9D3A8-F71E-4428-913F-C37AE82CDB24}.AppStore|Any CPU.ActiveCfg = Release|Any CPU
		{67F9D3A8-F71E-4428-913F-C37AE82CDB24}.AppStore|Any CPU.Build.0 = Release|Any CPU
		{67F9D3A8-F71E-4428-913F-C37AE82CDB24}.AppStore|ARM.ActiveCfg = Release|Any CPU
		{67F9D3A8-F71E-4428-913F-C37AE82CDB24}.AppStore|ARM.Build.0 = Release|Any CPU
		{67F9D3A8-F71E-4428-913F-C37AE82CDB24}.AppStore|iPhone.ActiveCfg = Release|Any CPU
		{67F9D3A8-F71E-4428-913F-C37AE82CDB24}.AppStore|iPhone.Build.0 = Release|Any CPU
		{67F9D3A8-F71E-4428-913F-C37AE82CDB24}.AppStore|iPhoneSimulator.ActiveCfg = Release|Any CPU
		{67F9D3A8-F71E-4428-913F-C37AE82CDB24}.AppStore|iPhoneSimulator.Build.0 = Release|Any CPU
		{67F9D3A8-F71E-4428-913F-C37AE82CDB24}.AppStore|x64.ActiveCfg = Release|Any CPU
		{67F9D3A8-F71E-4428-913F-C37AE82CDB24}.AppStore|x64.Build.0 = Release|Any CPU
		{67F9D3A8-F71E-4428-913F-C37AE82CDB24}.AppStore|x86.ActiveCfg = Release|Any CPU
		{67F9D3A8-F71E-4428-913F-C37AE82CDB24}.AppStore|x86.Build.0 = Release|Any CPU
		{67F9D3A8-F71E-4428-913F-C37AE82CDB24}.Debug|Any CPU.ActiveCfg = Debug|Any CPU
		{67F9D3A8-F71E-4428-913F-C37AE82CDB24}.Debug|Any CPU.Build.0 = Debug|Any CPU
		{67F9D3A8-F71E-4428-913F-C37AE82CDB24}.Debug|ARM.ActiveCfg = Debug|Any CPU
		{67F9D3A8-F71E-4428-913F-C37AE82CDB24}.Debug|ARM.Build.0 = Debug|Any CPU
		{67F9D3A8-F71E-4428-913F-C37AE82CDB24}.Debug|iPhone.ActiveCfg = Debug|Any CPU
		{67F9D3A8-F71E-4428-913F-C37AE82CDB24}.Debug|iPhone.Build.0 = Debug|Any CPU
		{67F9D3A8-F71E-4428-913F-C37AE82CDB24}.Debug|iPhoneSimulator.ActiveCfg = Debug|Any CPU
		{67F9D3A8-F71E-4428-913F-C37AE82CDB24}.Debug|iPhoneSimulator.Build.0 = Debug|Any CPU
		{67F9D3A8-F71E-4428-913F-C37AE82CDB24}.Debug|x64.ActiveCfg = Debug|Any CPU
		{67F9D3A8-F71E-4428-913F-C37AE82CDB24}.Debug|x64.Build.0 = Debug|Any CPU
		{67F9D3A8-F71E-4428-913F-C37AE82CDB24}.Debug|x86.ActiveCfg = Debug|Any CPU
		{67F9D3A8-F71E-4428-913F-C37AE82CDB24}.Debug|x86.Build.0 = Debug|Any CPU
		{67F9D3A8-F71E-4428-913F-C37AE82CDB24}.Release|Any CPU.ActiveCfg = Release|Any CPU
		{67F9D3A8-F71E-4428-913F-C37AE82CDB24}.Release|Any CPU.Build.0 = Release|Any CPU
		{67F9D3A8-F71E-4428-913F-C37AE82CDB24}.Release|ARM.ActiveCfg = Release|Any CPU
		{67F9D3A8-F71E-4428-913F-C37AE82CDB24}.Release|ARM.Build.0 = Release|Any CPU
		{67F9D3A8-F71E-4428-913F-C37AE82CDB24}.Release|iPhone.ActiveCfg = Release|Any CPU
		{67F9D3A8-F71E-4428-913F-C37AE82CDB24}.Release|iPhone.Build.0 = Release|Any CPU
		{67F9D3A8-F71E-4428-913F-C37AE82CDB24}.Release|iPhoneSimulator.ActiveCfg = Release|Any CPU
		{67F9D3A8-F71E-4428-913F-C37AE82CDB24}.Release|iPhoneSimulator.Build.0 = Release|Any CPU
		{67F9D3A8-F71E-4428-913F-C37AE82CDB24}.Release|x64.ActiveCfg = Release|Any CPU
		{67F9D3A8-F71E-4428-913F-C37AE82CDB24}.Release|x64.Build.0 = Release|Any CPU
		{67F9D3A8-F71E-4428-913F-C37AE82CDB24}.Release|x86.ActiveCfg = Release|Any CPU
		{67F9D3A8-F71E-4428-913F-C37AE82CDB24}.Release|x86.Build.0 = Release|Any CPU
	EndGlobalSection
	GlobalSection(SolutionProperties) = preSolution
		HideSolutionNode = FALSE
	EndGlobalSection
EndGlobal
